
Microsoft Visual Studio Solution File, Format Version 12.00
# Visual Studio 15
VisualStudioVersion = 15.0.26430.16
MinimumVisualStudioVersion = 10.0.40219.1
Project("{8BC9CEB8-8B4A-11D0-8D11-00A0C91BC942}") = "BearEngineFramework", "BearEngineFramework\BearEngineFramework.vcxproj", "{45DF7C82-93EE-415F-9FC0-4213E777BDE1}"
EndProject
Project("{8BC9CEB8-8B4A-11D0-8D11-00A0C91BC942}") = "bear_games_framework", "bear_framework\bear_framework.vcxproj", "{8EBB60AB-883F-4231-88E9-3F5256447AF7}"
EndProject
Global
	GlobalSection(SolutionConfigurationPlatforms) = preSolution
		Debug|x64 = Debug|x64
		Debug|x86 = Debug|x86
		Release|x64 = Release|x64
		Release|x86 = Release|x86
	EndGlobalSection
	GlobalSection(ProjectConfigurationPlatforms) = postSolution
		{45DF7C82-93EE-415F-9FC0-4213E777BDE1}.Debug|x64.ActiveCfg = Debug|x64
		{45DF7C82-93EE-415F-9FC0-4213E777BDE1}.Debug|x64.Build.0 = Debug|x64
		{45DF7C82-93EE-415F-9FC0-4213E777BDE1}.Debug|x86.ActiveCfg = Debug|Win32
		{45DF7C82-93EE-415F-9FC0-4213E777BDE1}.Debug|x86.Build.0 = Debug|Win32
		{45DF7C82-93EE-415F-9FC0-4213E777BDE1}.Release|x64.ActiveCfg = Release|x64
		{45DF7C82-93EE-415F-9FC0-4213E777BDE1}.Release|x64.Build.0 = Release|x64
		{45DF7C82-93EE-415F-9FC0-4213E777BDE1}.Release|x86.ActiveCfg = Release|Win32
		{45DF7C82-93EE-415F-9FC0-4213E777BDE1}.Release|x86.Build.0 = Release|Win32
		{8EBB60AB-883F-4231-88E9-3F5256447AF7}.Debug|x64.ActiveCfg = Debug|x64
		{8EBB60AB-883F-4231-88E9-3F5256447AF7}.Debug|x64.Build.0 = Debug|x64
		{8EBB60AB-883F-4231-88E9-3F5256447AF7}.Debug|x86.ActiveCfg = Debug|Win32
		{8EBB60AB-883F-4231-88E9-3F5256447AF7}.Debug|x86.Build.0 = Debug|Win32
		{8EBB60AB-883F-4231-88E9-3F5256447AF7}.Release|x64.ActiveCfg = Release|x64
		{8EBB60AB-883F-4231-88E9-3F5256447AF7}.Release|x64.Build.0 = Release|x64
		{8EBB60AB-883F-4231-88E9-3F5256447AF7}.Release|x86.ActiveCfg = Release|Win32
		{8EBB60AB-883F-4231-88E9-3F5256447AF7}.Release|x86.Build.0 = Release|Win32
	EndGlobalSection
	GlobalSection(SolutionProperties) = preSolution
		HideSolutionNode = FALSE
	EndGlobalSection
	GlobalSection(ExtensibilityGlobals) = postSolution
		SolutionGuid = {CFD4004F-0F16-48A4-8B38-81158F1FCB6C}
	EndGlobalSection
EndGlobal
